
Microsoft Visual Studio Solution File, Format Version 12.00
# Visual Studio Version 17
VisualStudioVersion = 17.5.002.0
MinimumVisualStudioVersion = 10.0.40219.1
Project("{2150E333-8FDC-42A3-9474-1A3956D46DE8}") = "RAIDHUT", "RAIDHUT", "{E1EF789C-E39B-4998-82A9-48795F7D7431}"
EndProject
Project("{2150E333-8FDC-42A3-9474-1A3956D46DE8}") = "Desenvolvedor", "Desenvolvedor", "{A9B21DBE-B961-4815-895E-C2D5B0197A6F}"
EndProject
Project("{9A19103F-16F7-4668-BE54-9A1E7A4F7556}") = "Desenvolvedor", "RAIDHUT\Desenvolvedor\atividade2\Desenvolvedor.csproj", "{4060DEEF-9111-4970-BEFC-8017DAF2B4A4}"
EndProject
Global
	GlobalSection(SolutionConfigurationPlatforms) = preSolution
		Debug|Any CPU = Debug|Any CPU
		Release|Any CPU = Release|Any CPU
	EndGlobalSection
	GlobalSection(ProjectConfigurationPlatforms) = postSolution
		{4060DEEF-9111-4970-BEFC-8017DAF2B4A4}.Debug|Any CPU.ActiveCfg = Debug|Any CPU
		{4060DEEF-9111-4970-BEFC-8017DAF2B4A4}.Debug|Any CPU.Build.0 = Debug|Any CPU
		{4060DEEF-9111-4970-BEFC-8017DAF2B4A4}.Release|Any CPU.ActiveCfg = Release|Any CPU
		{4060DEEF-9111-4970-BEFC-8017DAF2B4A4}.Release|Any CPU.Build.0 = Release|Any CPU
	EndGlobalSection
	GlobalSection(SolutionProperties) = preSolution
		HideSolutionNode = FALSE
	EndGlobalSection
	GlobalSection(NestedProjects) = preSolution
		{A9B21DBE-B961-4815-895E-C2D5B0197A6F} = {E1EF789C-E39B-4998-82A9-48795F7D7431}
		{4060DEEF-9111-4970-BEFC-8017DAF2B4A4} = {A9B21DBE-B961-4815-895E-C2D5B0197A6F}
	EndGlobalSection
	GlobalSection(ExtensibilityGlobals) = postSolution
		SolutionGuid = {0679F6C7-265F-4006-9F73-8E837D9A829C}
	EndGlobalSection
EndGlobal
